
Microsoft Visual Studio Solution File, Format Version 12.00
# Visual Studio Version 16
VisualStudioVersion = 16.0.30011.22
MinimumVisualStudioVersion = 10.0.40219.1
Project("{FAE04EC0-301F-11D3-BF4B-00C04F79EFBC}") = "QSharp.Launch", "QSharp.Launch\QSharp.Launch.csproj", "{BB41B19F-8D94-4AB1-85B4-CE6ACCEBDB1B}"
EndProject
Project("{FAE04EC0-301F-11D3-BF4B-00C04F79EFBC}") = "QSharp.Libs", "QSharp.Libs\QSharp.Libs.csproj", "{05D33218-F83F-4FDF-914F-F854957448B8}"
EndProject
Global
	GlobalSection(SolutionConfigurationPlatforms) = preSolution
		Debug|Any CPU = Debug|Any CPU
		Release|Any CPU = Release|Any CPU
	EndGlobalSection
	GlobalSection(ProjectConfigurationPlatforms) = postSolution
		{BB41B19F-8D94-4AB1-85B4-CE6ACCEBDB1B}.Debug|Any CPU.ActiveCfg = Debug|Any CPU
		{BB41B19F-8D94-4AB1-85B4-CE6ACCEBDB1B}.Debug|Any CPU.Build.0 = Debug|Any CPU
		{BB41B19F-8D94-4AB1-85B4-CE6ACCEBDB1B}.Release|Any CPU.ActiveCfg = Release|Any CPU
		{BB41B19F-8D94-4AB1-85B4-CE6ACCEBDB1B}.Release|Any CPU.Build.0 = Release|Any CPU
		{05D33218-F83F-4FDF-914F-F854957448B8}.Debug|Any CPU.ActiveCfg = Debug|Any CPU
		{05D33218-F83F-4FDF-914F-F854957448B8}.Debug|Any CPU.Build.0 = Debug|Any CPU
		{05D33218-F83F-4FDF-914F-F854957448B8}.Release|Any CPU.ActiveCfg = Release|Any CPU
		{05D33218-F83F-4FDF-914F-F854957448B8}.Release|Any CPU.Build.0 = Release|Any CPU
	EndGlobalSection
	GlobalSection(SolutionProperties) = preSolution
		HideSolutionNode = FALSE
	EndGlobalSection
	GlobalSection(ExtensibilityGlobals) = postSolution
		SolutionGuid = {53B72485-69E7-42C3-B6F1-F6F661FC1390}
	EndGlobalSection
EndGlobal
